{
  "R": {
    "Version": "4.5.1",
    "Repositories": [
      {
        "Name": "CRAN",
        "URL": "https://packagemanager.posit.co/cran/latest"
      }
    ]
  },
  "Packages": {
    "KernSmooth": {
      "Package": "KernSmooth",
      "Version": "2.23-26",
      "Source": "Repository",
      "Priority": "recommended",
      "Date": "2024-12-10",
      "Title": "Functions for Kernel Smoothing Supporting Wand & Jones (1995)",
      "Authors@R": "c(person(\"Matt\", \"Wand\", role = \"aut\", email = \"Matt.Wand@uts.edu.au\"), person(\"Cleve\", \"Moler\", role = \"ctb\", comment = \"LINPACK routines in src/d*\"), person(\"Brian\", \"Ripley\", role = c(\"trl\", \"cre\", \"ctb\"), email = \"Brian.Ripley@R-project.org\", comment = \"R port and updates\"))",
      "Note": "Maintainers are not available to give advice on using a package they did not author.",
      "Depends": [
        "R (>= 2.5.0)",
        "stats"
      ],
      "Suggests": [
        "MASS",
        "carData"
      ],
      "Description": "Functions for kernel smoothing (and density estimation) corresponding to the book:  Wand, M.P. and Jones, M.C. (1995) \"Kernel Smoothing\".",
      "License": "Unlimited",
      "ByteCompile": "yes",
      "NeedsCompilation": "yes",
      "Author": "Matt Wand [aut], Cleve Moler [ctb] (LINPACK routines in src/d*), Brian Ripley [trl, cre, ctb] (R port and updates)",
      "Maintainer": "Brian Ripley <Brian.Ripley@R-project.org>",
      "Repository": "CRAN"
    },
    "R6": {
      "Package": "R6",
      "Version": "2.6.1",
      "Source": "Repository",
      "Title": "Encapsulated Classes with Reference Semantics",
      "Authors@R": "c( person(\"Winston\", \"Chang\", , \"winston@posit.co\", role = c(\"aut\", \"cre\")), person(\"Posit Software, PBC\", role = c(\"cph\", \"fnd\")) )",
      "Description": "Creates classes with reference semantics, similar to R's built-in reference classes. Compared to reference classes, R6 classes are simpler and lighter-weight, and they are not built on S4 classes so they do not require the methods package. These classes allow public and private members, and they support inheritance, even when the classes are defined in different packages.",
      "License": "MIT + file LICENSE",
      "URL": "https://r6.r-lib.org, https://github.com/r-lib/R6",
      "BugReports": "https://github.com/r-lib/R6/issues",
      "Depends": [
        "R (>= 3.6)"
      ],
      "Suggests": [
        "lobstr",
        "testthat (>= 3.0.0)"
      ],
      "Config/Needs/website": "tidyverse/tidytemplate, ggplot2, microbenchmark, scales",
      "Config/testthat/edition": "3",
      "Encoding": "UTF-8",
      "RoxygenNote": "7.3.2",
      "NeedsCompilation": "no",
      "Author": "Winston Chang [aut, cre], Posit Software, PBC [cph, fnd]",
      "Maintainer": "Winston Chang <winston@posit.co>",
      "Repository": "CRAN"
    },
    "ROCR": {
      "Package": "ROCR",
      "Version": "1.0-11",
      "Source": "Repository",
      "Authors@R": "c(person(\"Tobias\",\"Sing\", email = \"tobias.sing@gmail.com\",role=\"aut\"), person(\"Oliver\",\"Sander\", email = \"osander@gmail.com\",role=\"aut\"), person(\"Niko\",\"Beerenwinkel\", role=\"aut\"), person(\"Thomas\",\"Lengauer\", role=\"aut\"), person(\"Thomas\",\"Unterthiner\", role=\"ctb\"), person(\"Felix G.M.\",\"Ernst\", email = \"felix.gm.ernst@outlook.com\",role=\"cre\", comment = c(ORCID = \"0000-0001-5064-0928\")))",
      "Date": "2020-05-01",
      "Title": "Visualizing the Performance of Scoring Classifiers",
      "Description": "ROC graphs, sensitivity/specificity curves, lift charts, and precision/recall plots are popular examples of trade-off visualizations for specific pairs of performance measures. ROCR is a flexible tool for creating cutoff-parameterized 2D performance curves by freely combining two from over 25 performance measures (new performance measures can be added using a standard interface). Curves from different cross-validation or bootstrapping runs can be averaged by different methods, and standard deviations, standard errors or box plots can be used to visualize the variability across the runs. The parameterization can be visualized by printing cutoff values at the corresponding curve positions, or by coloring the curve according to cutoff. All components of a performance plot can be quickly adjusted using a flexible parameter dispatching mechanism. Despite its flexibility, ROCR is easy to use, with only three commands and reasonable default values for all optional parameters.",
      "Encoding": "UTF-8",
      "License": "GPL (>= 2)",
      "NeedsCompilation": "no",
      "Depends": [
        "R (>= 3.6)"
      ],
      "Imports": [
        "methods",
        "graphics",
        "grDevices",
        "gplots",
        "stats"
      ],
      "Suggests": [
        "testthat",
        "knitr",
        "rmarkdown"
      ],
      "URL": "http://ipa-tys.github.io/ROCR/",
      "BugReports": "https://github.com/ipa-tys/ROCR/issues",
      "RoxygenNote": "7.1.0",
      "VignetteBuilder": "knitr",
      "Author": "Tobias Sing [aut], Oliver Sander [aut], Niko Beerenwinkel [aut], Thomas Lengauer [aut], Thomas Unterthiner [ctb], Felix G.M. Ernst [cre] (<https://orcid.org/0000-0001-5064-0928>)",
      "Maintainer": "Felix G.M. Ernst <felix.gm.ernst@outlook.com>",
      "Repository": "CRAN"
    },
    "bitops": {
      "Package": "bitops",
      "Version": "1.0-9",
      "Source": "Repository",
      "Date": "2024-10-03",
      "Authors@R": "c( person(\"Steve\", \"Dutky\", role = \"aut\", email = \"sdutky@terpalum.umd.edu\", comment = \"S original; then (after MM's port) revised and modified\"), person(\"Martin\", \"Maechler\", role = c(\"cre\", \"aut\"), email = \"maechler@stat.math.ethz.ch\", comment = c(\"Initial R port; tweaks\", ORCID = \"0000-0002-8685-9910\")))",
      "Title": "Bitwise Operations",
      "Description": "Functions for bitwise operations on integer vectors.",
      "License": "GPL (>= 2)",
      "URL": "https://github.com/mmaechler/R-bitops",
      "BugReports": "https://github.com/mmaechler/R-bitops/issues",
      "NeedsCompilation": "yes",
      "Author": "Steve Dutky [aut] (S original; then (after MM's port) revised and modified), Martin Maechler [cre, aut] (Initial R port; tweaks, <https://orcid.org/0000-0002-8685-9910>)",
      "Maintainer": "Martin Maechler <maechler@stat.math.ethz.ch>",
      "Repository": "CRAN"
    },
    "caTools": {
      "Package": "caTools",
      "Version": "1.18.3",
      "Source": "Repository",
      "Type": "Package",
      "Title": "Tools: Moving Window Statistics, GIF, Base64, ROC AUC, etc",
      "Date": "2024-09-04",
      "Authors@R": "c(person(given = \"Jarek\", family = \"Tuszynski\", role = \"aut\", email = \"jaroslaw.w.tuszynski@saic.com\"), person(given = \"Michael\", family = \"Dietze\", role = \"cre\", email = \"michael.dietze@uni-goettingen.de\"))",
      "Maintainer": "Michael Dietze <michael.dietze@uni-goettingen.de>",
      "Depends": [
        "R (>= 3.6.0)"
      ],
      "Imports": [
        "bitops"
      ],
      "Suggests": [
        "MASS",
        "rpart"
      ],
      "Description": "Contains several basic utility functions including: moving (rolling, running) window statistic functions, read/write for GIF and ENVI binary files, fast calculation of AUC, LogitBoost classifier, base64 encoder/decoder, round-off-error-free sum and cumsum, etc.",
      "License": "GPL-3",
      "NeedsCompilation": "yes",
      "Repository": "RSPM",
      "Author": "Jarek Tuszynski [aut], Michael Dietze [cre]",
      "Encoding": "UTF-8"
    },
    "cli": {
      "Package": "cli",
      "Version": "3.6.5",
      "Source": "Repository",
      "Title": "Helpers for Developing Command Line Interfaces",
      "Authors@R": "c( person(\"Gábor\", \"Csárdi\", , \"gabor@posit.co\", role = c(\"aut\", \"cre\")), person(\"Hadley\", \"Wickham\", role = \"ctb\"), person(\"Kirill\", \"Müller\", role = \"ctb\"), person(\"Salim\", \"Brüggemann\", , \"salim-b@pm.me\", role = \"ctb\", comment = c(ORCID = \"0000-0002-5329-5987\")), person(\"Posit Software, PBC\", role = c(\"cph\", \"fnd\")) )",
      "Description": "A suite of tools to build attractive command line interfaces ('CLIs'), from semantic elements: headings, lists, alerts, paragraphs, etc. Supports custom themes via a 'CSS'-like language. It also contains a number of lower level 'CLI' elements: rules, boxes, trees, and 'Unicode' symbols with 'ASCII' alternatives. It support ANSI colors and text styles as well.",
      "License": "MIT + file LICENSE",
      "URL": "https://cli.r-lib.org, https://github.com/r-lib/cli",
      "BugReports": "https://github.com/r-lib/cli/issues",
      "Depends": [
        "R (>= 3.4)"
      ],
      "Imports": [
        "utils"
      ],
      "Suggests": [
        "callr",
        "covr",
        "crayon",
        "digest",
        "glue (>= 1.6.0)",
        "grDevices",
        "htmltools",
        "htmlwidgets",
        "knitr",
        "methods",
        "processx",
        "ps (>= 1.3.4.9000)",
        "rlang (>= 1.0.2.9003)",
        "rmarkdown",
        "rprojroot",
        "rstudioapi",
        "testthat (>= 3.2.0)",
        "tibble",
        "whoami",
        "withr"
      ],
      "Config/Needs/website": "r-lib/asciicast, bench, brio, cpp11, decor, desc, fansi, prettyunits, sessioninfo, tidyverse/tidytemplate, usethis, vctrs",
      "Config/testthat/edition": "3",
      "Encoding": "UTF-8",
      "RoxygenNote": "7.3.2",
      "NeedsCompilation": "yes",
      "Author": "Gábor Csárdi [aut, cre], Hadley Wickham [ctb], Kirill Müller [ctb], Salim Brüggemann [ctb] (<https://orcid.org/0000-0002-5329-5987>), Posit Software, PBC [cph, fnd]",
      "Maintainer": "Gábor Csárdi <gabor@posit.co>",
      "Repository": "CRAN"
    },
    "dplyr": {
      "Package": "dplyr",
      "Version": "1.1.4",
      "Source": "Repository",
      "Type": "Package",
      "Title": "A Grammar of Data Manipulation",
      "Authors@R": "c( person(\"Hadley\", \"Wickham\", , \"hadley@posit.co\", role = c(\"aut\", \"cre\"), comment = c(ORCID = \"0000-0003-4757-117X\")), person(\"Romain\", \"François\", role = \"aut\", comment = c(ORCID = \"0000-0002-2444-4226\")), person(\"Lionel\", \"Henry\", role = \"aut\"), person(\"Kirill\", \"Müller\", role = \"aut\", comment = c(ORCID = \"0000-0002-1416-3412\")), person(\"Davis\", \"Vaughan\", , \"davis@posit.co\", role = \"aut\", comment = c(ORCID = \"0000-0003-4777-038X\")), person(\"Posit Software, PBC\", role = c(\"cph\", \"fnd\")) )",
      "Description": "A fast, consistent tool for working with data frame like objects, both in memory and out of memory.",
      "License": "MIT + file LICENSE",
      "URL": "https://dplyr.tidyverse.org, https://github.com/tidyverse/dplyr",
      "BugReports": "https://github.com/tidyverse/dplyr/issues",
      "Depends": [
        "R (>= 3.5.0)"
      ],
      "Imports": [
        "cli (>= 3.4.0)",
        "generics",
        "glue (>= 1.3.2)",
        "lifecycle (>= 1.0.3)",
        "magrittr (>= 1.5)",
        "methods",
        "pillar (>= 1.9.0)",
        "R6",
        "rlang (>= 1.1.0)",
        "tibble (>= 3.2.0)",
        "tidyselect (>= 1.2.0)",
        "utils",
        "vctrs (>= 0.6.4)"
      ],
      "Suggests": [
        "bench",
        "broom",
        "callr",
        "covr",
        "DBI",
        "dbplyr (>= 2.2.1)",
        "ggplot2",
        "knitr",
        "Lahman",
        "lobstr",
        "microbenchmark",
        "nycflights13",
        "purrr",
        "rmarkdown",
        "RMySQL",
        "RPostgreSQL",
        "RSQLite",
        "stringi (>= 1.7.6)",
        "testthat (>= 3.1.5)",
        "tidyr (>= 1.3.0)",
        "withr"
      ],
      "VignetteBuilder": "knitr",
      "Config/Needs/website": "tidyverse, shiny, pkgdown, tidyverse/tidytemplate",
      "Config/testthat/edition": "3",
      "Encoding": "UTF-8",
      "LazyData": "true",
      "RoxygenNote": "7.2.3",
      "NeedsCompilation": "yes",
      "Author": "Hadley Wickham [aut, cre] (<https://orcid.org/0000-0003-4757-117X>), Romain François [aut] (<https://orcid.org/0000-0002-2444-4226>), Lionel Henry [aut], Kirill Müller [aut] (<https://orcid.org/0000-0002-1416-3412>), Davis Vaughan [aut] (<https://orcid.org/0000-0003-4777-038X>), Posit Software, PBC [cph, fnd]",
      "Maintainer": "Hadley Wickham <hadley@posit.co>",
      "Repository": "CRAN"
    },
    "generics": {
      "Package": "generics",
      "Version": "0.1.4",
      "Source": "Repository",
      "Title": "Common S3 Generics not Provided by Base R Methods Related to Model Fitting",
      "Authors@R": "c( person(\"Hadley\", \"Wickham\", , \"hadley@posit.co\", role = c(\"aut\", \"cre\"), comment = c(ORCID = \"0000-0003-4757-117X\")), person(\"Max\", \"Kuhn\", , \"max@posit.co\", role = \"aut\"), person(\"Davis\", \"Vaughan\", , \"davis@posit.co\", role = \"aut\"), person(\"Posit Software, PBC\", role = c(\"cph\", \"fnd\"), comment = c(ROR = \"https://ror.org/03wc8by49\")) )",
      "Description": "In order to reduce potential package dependencies and conflicts, generics provides a number of commonly used S3 generics.",
      "License": "MIT + file LICENSE",
      "URL": "https://generics.r-lib.org, https://github.com/r-lib/generics",
      "BugReports": "https://github.com/r-lib/generics/issues",
      "Depends": [
        "R (>= 3.6)"
      ],
      "Imports": [
        "methods"
      ],
      "Suggests": [
        "covr",
        "pkgload",
        "testthat (>= 3.0.0)",
        "tibble",
        "withr"
      ],
      "Config/Needs/website": "tidyverse/tidytemplate",
      "Config/testthat/edition": "3",
      "Encoding": "UTF-8",
      "RoxygenNote": "7.3.2",
      "NeedsCompilation": "no",
      "Author": "Hadley Wickham [aut, cre] (ORCID: <https://orcid.org/0000-0003-4757-117X>), Max Kuhn [aut], Davis Vaughan [aut], Posit Software, PBC [cph, fnd] (ROR: <https://ror.org/03wc8by49>)",
      "Maintainer": "Hadley Wickham <hadley@posit.co>",
      "Repository": "CRAN"
    },
    "glue": {
      "Package": "glue",
      "Version": "1.8.0",
      "Source": "Repository",
      "Title": "Interpreted String Literals",
      "Authors@R": "c( person(\"Jim\", \"Hester\", role = \"aut\", comment = c(ORCID = \"0000-0002-2739-7082\")), person(\"Jennifer\", \"Bryan\", , \"jenny@posit.co\", role = c(\"aut\", \"cre\"), comment = c(ORCID = \"0000-0002-6983-2759\")), person(\"Posit Software, PBC\", role = c(\"cph\", \"fnd\")) )",
      "Description": "An implementation of interpreted string literals, inspired by Python's Literal String Interpolation <https://www.python.org/dev/peps/pep-0498/> and Docstrings <https://www.python.org/dev/peps/pep-0257/> and Julia's Triple-Quoted String Literals <https://docs.julialang.org/en/v1.3/manual/strings/#Triple-Quoted-String-Literals-1>.",
      "License": "MIT + file LICENSE",
      "URL": "https://glue.tidyverse.org/, https://github.com/tidyverse/glue",
      "BugReports": "https://github.com/tidyverse/glue/issues",
      "Depends": [
        "R (>= 3.6)"
      ],
      "Imports": [
        "methods"
      ],
      "Suggests": [
        "crayon",
        "DBI (>= 1.2.0)",
        "dplyr",
        "knitr",
        "magrittr",
        "rlang",
        "rmarkdown",
        "RSQLite",
        "testthat (>= 3.2.0)",
        "vctrs (>= 0.3.0)",
        "waldo (>= 0.5.3)",
        "withr"
      ],
      "VignetteBuilder": "knitr",
      "ByteCompile": "true",
      "Config/Needs/website": "bench, forcats, ggbeeswarm, ggplot2, R.utils, rprintf, tidyr, tidyverse/tidytemplate",
      "Config/testthat/edition": "3",
      "Encoding": "UTF-8",
      "RoxygenNote": "7.3.2",
      "NeedsCompilation": "yes",
      "Author": "Jim Hester [aut] (<https://orcid.org/0000-0002-2739-7082>), Jennifer Bryan [aut, cre] (<https://orcid.org/0000-0002-6983-2759>), Posit Software, PBC [cph, fnd]",
      "Maintainer": "Jennifer Bryan <jenny@posit.co>",
      "Repository": "CRAN"
    },
    "gplots": {
      "Package": "gplots",
      "Version": "3.2.0",
      "Source": "Repository",
      "Title": "Various R Programming Tools for Plotting Data",
      "Description": "Various R programming tools for plotting data, including: - calculating and plotting locally smoothed summary function as ('bandplot', 'wapply'), - enhanced versions of standard plots ('barplot2', 'boxplot2', 'heatmap.2', 'smartlegend'), - manipulating colors ('col2hex', 'colorpanel', 'redgreen', 'greenred', 'bluered', 'redblue', 'rich.colors'), - calculating and plotting two-dimensional data summaries ('ci2d', 'hist2d'), - enhanced regression diagnostic plots ('lmplot2', 'residplot'), - formula-enabled interface to 'stats::lowess' function ('lowess'), - displaying textual data in plots ('textplot', 'sinkplot'), - plotting dots whose size reflects the relative magnitude of the elements ('balloonplot', 'bubbleplot'), - plotting \"Venn\" diagrams ('venn'), - displaying Open-Office style plots ('ooplot'), - plotting multiple data on same region, with separate axes ('overplot'), - plotting means and confidence intervals ('plotCI', 'plotmeans'), - spacing points in an x-y plot so they don't overlap ('space').",
      "Depends": [
        "R (>= 3.0)"
      ],
      "Imports": [
        "gtools",
        "stats",
        "caTools",
        "KernSmooth",
        "methods"
      ],
      "Suggests": [
        "grid",
        "MASS",
        "knitr",
        "rmarkdown",
        "r2d2",
        "nlme"
      ],
      "LazyData": "yes",
      "VignetteBuilder": "knitr",
      "Date": "2024-10-05",
      "Authors@R": "c( person(\"Gregory R.\", \"Warnes\", , role = \"aut\"), person(\"Ben\", \"Bolker\", , role = \"aut\"), person(\"Lodewijk\", \"Bonebakker\", , role = \"aut\"), person(\"Robert\", \"Gentleman\", role = \"aut\"), person(\"Wolfgang\", \"Huber\", role = \"aut\"), person(\"Andy\", \"Liaw\", role = \"aut\"), person(\"Thomas\", \"Lumley\", role = \"aut\"), person(\"Martin\", \"Maechler\", role = \"aut\"), person(\"Arni\", \"Magnusson\", role = \"aut\"), person(\"Steffen\", \"Moeller\", role = \"aut\"), person(\"Marc\", \"Schwartz\", role = \"aut\"), person(\"Bill\", \"Venables\", role = \"aut\"), person(\"Tal\", \"Galili\", , \"tal.galili@gmail.com\", c(\"aut\", \"cre\")) )",
      "License": "GPL-2",
      "URL": "https://github.com/talgalili/gplots, https://talgalili.github.io/gplots/",
      "BugReports": "https://github.com/talgalili/gplots/issues",
      "NeedsCompilation": "no",
      "Author": "Gregory R. Warnes [aut], Ben Bolker [aut], Lodewijk Bonebakker [aut], Robert Gentleman [aut], Wolfgang Huber [aut], Andy Liaw [aut], Thomas Lumley [aut], Martin Maechler [aut], Arni Magnusson [aut], Steffen Moeller [aut], Marc Schwartz [aut], Bill Venables [aut], Tal Galili [aut, cre]",
      "Maintainer": "Tal Galili <tal.galili@gmail.com>",
      "Repository": "RSPM",
      "Encoding": "UTF-8"
    },
    "gtools": {
      "Package": "gtools",
      "Version": "3.9.5",
      "Source": "Repository",
      "Title": "Various R Programming Tools",
      "Description": "Functions to assist in R programming, including: - assist in developing, updating, and maintaining R and R packages ('ask', 'checkRVersion', 'getDependencies', 'keywords', 'scat'), - calculate the logit and inverse logit transformations ('logit', 'inv.logit'), - test if a value is missing, empty or contains only NA and NULL values ('invalid'), - manipulate R's .Last function ('addLast'), - define macros ('defmacro'), - detect odd and even integers ('odd', 'even'), - convert strings containing non-ASCII characters (like single quotes) to plain ASCII ('ASCIIfy'), - perform a binary search ('binsearch'), - sort strings containing both numeric and character components ('mixedsort'), - create a factor variable from the quantiles of a continuous variable ('quantcut'), - enumerate permutations and combinations ('combinations', 'permutation'), - calculate and convert between fold-change and log-ratio ('foldchange', 'logratio2foldchange', 'foldchange2logratio'), - calculate probabilities and generate random numbers from Dirichlet distributions ('rdirichlet', 'ddirichlet'), - apply a function over adjacent subsets of a vector ('running'), - modify the TCP_NODELAY ('de-Nagle') flag for socket objects, - efficient 'rbind' of data frames, even if the column names don't match ('smartbind'), - generate significance stars from p-values ('stars.pval'), - convert characters to/from ASCII codes ('asc', 'chr'), - convert character vector to ASCII representation ('ASCIIfy'), - apply title capitalization rules to a character vector ('capwords').",
      "Authors@R": "c(person(\"Gregory R.\", \"Warnes\", role = \"aut\"), person(\"Ben\", \"Bolker\", role = c(\"aut\", \"cre\"), email = \"bolker@mcmaster.ca\", comment=c(ORCID=\"0000-0002-2127-0443\")), person(\"Thomas\", \"Lumley\", role = \"aut\"), person(\"Arni\", \"Magnusson\", role = \"aut\"), person(\"Bill\", \"Venables\", role = \"aut\"), person(\"Genei\", \"Ryodan\", role = \"aut\"), person(\"Steffen\", \"Moeller\", role = \"aut\"), person(\"Ian\", \"Wilson\", role = \"ctb\"), person(\"Mark\", \"Davis\", role = \"ctb\"), person(\"Nitin\", \"Jain\", role=\"ctb\"), person(\"Scott\", \"Chamberlain\", role = \"ctb\"))",
      "License": "GPL-2",
      "Depends": [
        "methods",
        "stats",
        "utils"
      ],
      "URL": "https://github.com/r-gregmisc/gtools",
      "BugReports": "https://github.com/r-gregmisc/gtools/issues",
      "Language": "en-US",
      "Suggests": [
        "car",
        "gplots",
        "knitr",
        "rstudioapi",
        "SGP",
        "taxize"
      ],
      "RoxygenNote": "7.2.3",
      "Encoding": "UTF-8",
      "NeedsCompilation": "yes",
      "Author": "Gregory R. Warnes [aut], Ben Bolker [aut, cre] (<https://orcid.org/0000-0002-2127-0443>), Thomas Lumley [aut], Arni Magnusson [aut], Bill Venables [aut], Genei Ryodan [aut], Steffen Moeller [aut], Ian Wilson [ctb], Mark Davis [ctb], Nitin Jain [ctb], Scott Chamberlain [ctb]",
      "Maintainer": "Ben Bolker <bolker@mcmaster.ca>",
      "Repository": "RSPM"
    },
    "hardhat": {
      "Package": "hardhat",
      "Version": "1.4.2",
      "Source": "Repository",
      "Title": "Construct Modeling Packages",
      "Authors@R": "c( person(\"Hannah\", \"Frick\", , \"hannah@posit.co\", role = c(\"aut\", \"cre\"), comment = c(ORCID = \"0000-0002-6049-5258\")), person(\"Davis\", \"Vaughan\", , \"davis@posit.co\", role = \"aut\"), person(\"Max\", \"Kuhn\", , \"max@posit.co\", role = \"aut\"), person(\"Posit Software, PBC\", role = c(\"cph\", \"fnd\"), comment = c(ROR = \"03wc8by49\")) )",
      "Description": "Building modeling packages is hard. A large amount of effort generally goes into providing an implementation for a new method that is efficient, fast, and correct, but often less emphasis is put on the user interface. A good interface requires specialized knowledge about S3 methods and formulas, which the average package developer might not have. The goal of 'hardhat' is to reduce the burden around building new modeling packages by providing functionality for preprocessing, predicting, and validating input.",
      "License": "MIT + file LICENSE",
      "URL": "https://github.com/tidymodels/hardhat, https://hardhat.tidymodels.org",
      "BugReports": "https://github.com/tidymodels/hardhat/issues",
      "Depends": [
        "R (>= 4.1)"
      ],
      "Imports": [
        "cli (>= 3.6.0)",
        "glue (>= 1.6.2)",
        "rlang (>= 1.1.0)",
        "sparsevctrs (>= 0.2.0)",
        "tibble (>= 3.2.1)",
        "vctrs (>= 0.6.0)"
      ],
      "Suggests": [
        "covr",
        "crayon",
        "devtools",
        "knitr",
        "Matrix",
        "modeldata (>= 0.0.2)",
        "recipes (>= 1.0.5)",
        "rmarkdown (>= 2.3)",
        "roxygen2",
        "testthat (>= 3.0.0)",
        "usethis (>= 2.1.5)",
        "withr (>= 3.0.0)"
      ],
      "VignetteBuilder": "knitr",
      "Config/Needs/website": "tidyverse/tidytemplate",
      "Config/testthat/edition": "3",
      "Config/usethis/last-upkeep": "2025-04-23",
      "Encoding": "UTF-8",
      "LazyData": "true",
      "RoxygenNote": "7.3.2",
      "NeedsCompilation": "no",
      "Author": "Hannah Frick [aut, cre] (ORCID: <https://orcid.org/0000-0002-6049-5258>), Davis Vaughan [aut], Max Kuhn [aut], Posit Software, PBC [cph, fnd] (ROR: <https://ror.org/03wc8by49>)",
      "Maintainer": "Hannah Frick <hannah@posit.co>",
      "Repository": "CRAN"
    },
    "lifecycle": {
      "Package": "lifecycle",
      "Version": "1.0.4",
      "Source": "Repository",
      "Title": "Manage the Life Cycle of your Package Functions",
      "Authors@R": "c( person(\"Lionel\", \"Henry\", , \"lionel@posit.co\", role = c(\"aut\", \"cre\")), person(\"Hadley\", \"Wickham\", , \"hadley@posit.co\", role = \"aut\", comment = c(ORCID = \"0000-0003-4757-117X\")), person(\"Posit Software, PBC\", role = c(\"cph\", \"fnd\")) )",
      "Description": "Manage the life cycle of your exported functions with shared conventions, documentation badges, and user-friendly deprecation warnings.",
      "License": "MIT + file LICENSE",
      "URL": "https://lifecycle.r-lib.org/, https://github.com/r-lib/lifecycle",
      "BugReports": "https://github.com/r-lib/lifecycle/issues",
      "Depends": [
        "R (>= 3.6)"
      ],
      "Imports": [
        "cli (>= 3.4.0)",
        "glue",
        "rlang (>= 1.1.0)"
      ],
      "Suggests": [
        "covr",
        "crayon",
        "knitr",
        "lintr",
        "rmarkdown",
        "testthat (>= 3.0.1)",
        "tibble",
        "tidyverse",
        "tools",
        "vctrs",
        "withr"
      ],
      "VignetteBuilder": "knitr",
      "Config/Needs/website": "tidyverse/tidytemplate, usethis",
      "Config/testthat/edition": "3",
      "Encoding": "UTF-8",
      "RoxygenNote": "7.2.1",
      "NeedsCompilation": "no",
      "Author": "Lionel Henry [aut, cre], Hadley Wickham [aut] (<https://orcid.org/0000-0003-4757-117X>), Posit Software, PBC [cph, fnd]",
      "Maintainer": "Lionel Henry <lionel@posit.co>",
      "Repository": "CRAN"
    },
    "magrittr": {
      "Package": "magrittr",
      "Version": "2.0.3",
      "Source": "Repository",
      "Type": "Package",
      "Title": "A Forward-Pipe Operator for R",
      "Authors@R": "c( person(\"Stefan Milton\", \"Bache\", , \"stefan@stefanbache.dk\", role = c(\"aut\", \"cph\"), comment = \"Original author and creator of magrittr\"), person(\"Hadley\", \"Wickham\", , \"hadley@rstudio.com\", role = \"aut\"), person(\"Lionel\", \"Henry\", , \"lionel@rstudio.com\", role = \"cre\"), person(\"RStudio\", role = c(\"cph\", \"fnd\")) )",
      "Description": "Provides a mechanism for chaining commands with a new forward-pipe operator, %>%. This operator will forward a value, or the result of an expression, into the next function call/expression. There is flexible support for the type of right-hand side expressions. For more information, see package vignette.  To quote Rene Magritte, \"Ceci n'est pas un pipe.\"",
      "License": "MIT + file LICENSE",
      "URL": "https://magrittr.tidyverse.org, https://github.com/tidyverse/magrittr",
      "BugReports": "https://github.com/tidyverse/magrittr/issues",
      "Depends": [
        "R (>= 3.4.0)"
      ],
      "Suggests": [
        "covr",
        "knitr",
        "rlang",
        "rmarkdown",
        "testthat"
      ],
      "VignetteBuilder": "knitr",
      "ByteCompile": "Yes",
      "Config/Needs/website": "tidyverse/tidytemplate",
      "Encoding": "UTF-8",
      "RoxygenNote": "7.1.2",
      "NeedsCompilation": "yes",
      "Author": "Stefan Milton Bache [aut, cph] (Original author and creator of magrittr), Hadley Wickham [aut], Lionel Henry [cre], RStudio [cph, fnd]",
      "Maintainer": "Lionel Henry <lionel@rstudio.com>",
      "Repository": "CRAN"
    },
    "pillar": {
      "Package": "pillar",
      "Version": "1.11.0",
      "Source": "Repository",
      "Title": "Coloured Formatting for Columns",
      "Authors@R": "c(person(given = \"Kirill\", family = \"M\\u00fcller\", role = c(\"aut\", \"cre\"), email = \"kirill@cynkra.com\", comment = c(ORCID = \"0000-0002-1416-3412\")), person(given = \"Hadley\", family = \"Wickham\", role = \"aut\"), person(given = \"RStudio\", role = \"cph\"))",
      "Description": "Provides 'pillar' and 'colonnade' generics designed for formatting columns of data using the full range of colours provided by modern terminals.",
      "License": "MIT + file LICENSE",
      "URL": "https://pillar.r-lib.org/, https://github.com/r-lib/pillar",
      "BugReports": "https://github.com/r-lib/pillar/issues",
      "Imports": [
        "cli (>= 2.3.0)",
        "glue",
        "lifecycle",
        "rlang (>= 1.0.2)",
        "utf8 (>= 1.1.0)",
        "utils",
        "vctrs (>= 0.5.0)"
      ],
      "Suggests": [
        "bit64",
        "DBI",
        "debugme",
        "DiagrammeR",
        "dplyr",
        "formattable",
        "ggplot2",
        "knitr",
        "lubridate",
        "nanotime",
        "nycflights13",
        "palmerpenguins",
        "rmarkdown",
        "scales",
        "stringi",
        "survival",
        "testthat (>= 3.1.1)",
        "tibble",
        "units (>= 0.7.2)",
        "vdiffr",
        "withr"
      ],
      "VignetteBuilder": "knitr",
      "Encoding": "UTF-8",
      "RoxygenNote": "7.3.2.9000",
      "Config/testthat/edition": "3",
      "Config/testthat/parallel": "true",
      "Config/testthat/start-first": "format_multi_fuzz, format_multi_fuzz_2, format_multi, ctl_colonnade, ctl_colonnade_1, ctl_colonnade_2",
      "Config/autostyle/scope": "line_breaks",
      "Config/autostyle/strict": "true",
      "Config/gha/extra-packages": "units=?ignore-before-r=4.3.0",
      "Config/Needs/website": "tidyverse/tidytemplate",
      "NeedsCompilation": "no",
      "Author": "Kirill Müller [aut, cre] (ORCID: <https://orcid.org/0000-0002-1416-3412>), Hadley Wickham [aut], RStudio [cph]",
      "Maintainer": "Kirill Müller <kirill@cynkra.com>",
      "Repository": "CRAN"
    },
    "pkgconfig": {
      "Package": "pkgconfig",
      "Version": "2.0.3",
      "Source": "Repository",
      "Title": "Private Configuration for 'R' Packages",
      "Author": "Gábor Csárdi",
      "Maintainer": "Gábor Csárdi <csardi.gabor@gmail.com>",
      "Description": "Set configuration options on a per-package basis. Options set by a given package only apply to that package, other packages are unaffected.",
      "License": "MIT + file LICENSE",
      "LazyData": "true",
      "Imports": [
        "utils"
      ],
      "Suggests": [
        "covr",
        "testthat",
        "disposables (>= 1.0.3)"
      ],
      "URL": "https://github.com/r-lib/pkgconfig#readme",
      "BugReports": "https://github.com/r-lib/pkgconfig/issues",
      "Encoding": "UTF-8",
      "NeedsCompilation": "no",
      "Repository": "CRAN"
    },
    "rlang": {
      "Package": "rlang",
      "Version": "1.1.6",
      "Source": "Repository",
      "Title": "Functions for Base Types and Core R and 'Tidyverse' Features",
      "Description": "A toolbox for working with base types, core R features like the condition system, and core 'Tidyverse' features like tidy evaluation.",
      "Authors@R": "c( person(\"Lionel\", \"Henry\", ,\"lionel@posit.co\", c(\"aut\", \"cre\")), person(\"Hadley\", \"Wickham\", ,\"hadley@posit.co\", \"aut\"), person(given = \"mikefc\", email = \"mikefc@coolbutuseless.com\", role = \"cph\", comment = \"Hash implementation based on Mike's xxhashlite\"), person(given = \"Yann\", family = \"Collet\", role = \"cph\", comment = \"Author of the embedded xxHash library\"), person(given = \"Posit, PBC\", role = c(\"cph\", \"fnd\")) )",
      "License": "MIT + file LICENSE",
      "ByteCompile": "true",
      "Biarch": "true",
      "Depends": [
        "R (>= 3.5.0)"
      ],
      "Imports": [
        "utils"
      ],
      "Suggests": [
        "cli (>= 3.1.0)",
        "covr",
        "crayon",
        "desc",
        "fs",
        "glue",
        "knitr",
        "magrittr",
        "methods",
        "pillar",
        "pkgload",
        "rmarkdown",
        "stats",
        "testthat (>= 3.2.0)",
        "tibble",
        "usethis",
        "vctrs (>= 0.2.3)",
        "withr"
      ],
      "Enhances": [
        "winch"
      ],
      "Encoding": "UTF-8",
      "RoxygenNote": "7.3.2",
      "URL": "https://rlang.r-lib.org, https://github.com/r-lib/rlang",
      "BugReports": "https://github.com/r-lib/rlang/issues",
      "Config/build/compilation-database": "true",
      "Config/testthat/edition": "3",
      "Config/Needs/website": "dplyr, tidyverse/tidytemplate",
      "NeedsCompilation": "yes",
      "Author": "Lionel Henry [aut, cre], Hadley Wickham [aut], mikefc [cph] (Hash implementation based on Mike's xxhashlite), Yann Collet [cph] (Author of the embedded xxHash library), Posit, PBC [cph, fnd]",
      "Maintainer": "Lionel Henry <lionel@posit.co>",
      "Repository": "CRAN"
    },
    "sparsevctrs": {
      "Package": "sparsevctrs",
      "Version": "0.3.4",
      "Source": "Repository",
      "Title": "Sparse Vectors for Use in Data Frames",
      "Authors@R": "c( person(\"Emil\", \"Hvitfeldt\", , \"emil.hvitfeldt@posit.co\", role = c(\"aut\", \"cre\"), comment = c(ORCID = \"0000-0002-0679-1945\")), person(\"Davis\", \"Vaughan\", , \"davis@posit.co\", role = \"ctb\"), person(\"Posit Software, PBC\", role = c(\"cph\", \"fnd\"), comment = c(ROR = \"03wc8by49\")) )",
      "Description": "Provides sparse vectors powered by ALTREP (Alternative Representations for R Objects) that behave like regular vectors, and can thus be used in data frames. Also provides tools to convert between sparse matrices and data frames with sparse columns and functions to interact with sparse vectors.",
      "License": "MIT + file LICENSE",
      "URL": "https://github.com/r-lib/sparsevctrs, https://r-lib.github.io/sparsevctrs/",
      "BugReports": "https://github.com/r-lib/sparsevctrs/issues",
      "Depends": [
        "R (>= 4.1)"
      ],
      "Imports": [
        "cli (>= 3.4.0)",
        "rlang (>= 1.1.0)",
        "vctrs"
      ],
      "Suggests": [
        "knitr",
        "Matrix",
        "methods",
        "rmarkdown",
        "testthat (>= 3.0.0)",
        "tibble",
        "withr"
      ],
      "VignetteBuilder": "knitr",
      "Config/Needs/website": "tidyverse/tidytemplate, rmarkdown, lobstr, ggplot2, bench, tidyr, ggbeeswarm",
      "Config/testthat/edition": "3",
      "Encoding": "UTF-8",
      "RoxygenNote": "7.3.2",
      "Config/usethis/last-upkeep": "2025-05-25",
      "NeedsCompilation": "yes",
      "Author": "Emil Hvitfeldt [aut, cre] (ORCID: <https://orcid.org/0000-0002-0679-1945>), Davis Vaughan [ctb], Posit Software, PBC [cph, fnd] (ROR: <https://ror.org/03wc8by49>)",
      "Maintainer": "Emil Hvitfeldt <emil.hvitfeldt@posit.co>",
      "Repository": "CRAN"
    },
    "tibble": {
      "Package": "tibble",
      "Version": "3.3.0",
      "Source": "Repository",
      "Title": "Simple Data Frames",
      "Authors@R": "c(person(given = \"Kirill\", family = \"M\\u00fcller\", role = c(\"aut\", \"cre\"), email = \"kirill@cynkra.com\", comment = c(ORCID = \"0000-0002-1416-3412\")), person(given = \"Hadley\", family = \"Wickham\", role = \"aut\", email = \"hadley@rstudio.com\"), person(given = \"Romain\", family = \"Francois\", role = \"ctb\", email = \"romain@r-enthusiasts.com\"), person(given = \"Jennifer\", family = \"Bryan\", role = \"ctb\", email = \"jenny@rstudio.com\"), person(given = \"RStudio\", role = c(\"cph\", \"fnd\")))",
      "Description": "Provides a 'tbl_df' class (the 'tibble') with stricter checking and better formatting than the traditional data frame.",
      "License": "MIT + file LICENSE",
      "URL": "https://tibble.tidyverse.org/, https://github.com/tidyverse/tibble",
      "BugReports": "https://github.com/tidyverse/tibble/issues",
      "Depends": [
        "R (>= 3.4.0)"
      ],
      "Imports": [
        "cli",
        "lifecycle (>= 1.0.0)",
        "magrittr",
        "methods",
        "pillar (>= 1.8.1)",
        "pkgconfig",
        "rlang (>= 1.0.2)",
        "utils",
        "vctrs (>= 0.5.0)"
      ],
      "Suggests": [
        "bench",
        "bit64",
        "blob",
        "brio",
        "callr",
        "DiagrammeR",
        "dplyr",
        "evaluate",
        "formattable",
        "ggplot2",
        "here",
        "hms",
        "htmltools",
        "knitr",
        "lubridate",
        "nycflights13",
        "pkgload",
        "purrr",
        "rmarkdown",
        "stringi",
        "testthat (>= 3.0.2)",
        "tidyr",
        "withr"
      ],
      "VignetteBuilder": "knitr",
      "Encoding": "UTF-8",
      "RoxygenNote": "7.3.2.9000",
      "Config/testthat/edition": "3",
      "Config/testthat/parallel": "true",
      "Config/testthat/start-first": "vignette-formats, as_tibble, add, invariants",
      "Config/autostyle/scope": "line_breaks",
      "Config/autostyle/strict": "true",
      "Config/autostyle/rmd": "false",
      "Config/Needs/website": "tidyverse/tidytemplate",
      "NeedsCompilation": "yes",
      "Author": "Kirill Müller [aut, cre] (ORCID: <https://orcid.org/0000-0002-1416-3412>), Hadley Wickham [aut], Romain Francois [ctb], Jennifer Bryan [ctb], RStudio [cph, fnd]",
      "Maintainer": "Kirill Müller <kirill@cynkra.com>",
      "Repository": "CRAN"
    },
    "tidyselect": {
      "Package": "tidyselect",
      "Version": "1.2.1",
      "Source": "Repository",
      "Title": "Select from a Set of Strings",
      "Authors@R": "c( person(\"Lionel\", \"Henry\", , \"lionel@posit.co\", role = c(\"aut\", \"cre\")), person(\"Hadley\", \"Wickham\", , \"hadley@posit.co\", role = \"aut\"), person(\"Posit Software, PBC\", role = c(\"cph\", \"fnd\")) )",
      "Description": "A backend for the selecting functions of the 'tidyverse'.  It makes it easy to implement select-like functions in your own packages in a way that is consistent with other 'tidyverse' interfaces for selection.",
      "License": "MIT + file LICENSE",
      "URL": "https://tidyselect.r-lib.org, https://github.com/r-lib/tidyselect",
      "BugReports": "https://github.com/r-lib/tidyselect/issues",
      "Depends": [
        "R (>= 3.4)"
      ],
      "Imports": [
        "cli (>= 3.3.0)",
        "glue (>= 1.3.0)",
        "lifecycle (>= 1.0.3)",
        "rlang (>= 1.0.4)",
        "vctrs (>= 0.5.2)",
        "withr"
      ],
      "Suggests": [
        "covr",
        "crayon",
        "dplyr",
        "knitr",
        "magrittr",
        "rmarkdown",
        "stringr",
        "testthat (>= 3.1.1)",
        "tibble (>= 2.1.3)"
      ],
      "VignetteBuilder": "knitr",
      "ByteCompile": "true",
      "Config/testthat/edition": "3",
      "Config/Needs/website": "tidyverse/tidytemplate",
      "Encoding": "UTF-8",
      "RoxygenNote": "7.3.0.9000",
      "NeedsCompilation": "yes",
      "Author": "Lionel Henry [aut, cre], Hadley Wickham [aut], Posit Software, PBC [cph, fnd]",
      "Maintainer": "Lionel Henry <lionel@posit.co>",
      "Repository": "CRAN"
    },
    "utf8": {
      "Package": "utf8",
      "Version": "1.2.6",
      "Source": "Repository",
      "Title": "Unicode Text Processing",
      "Authors@R": "c(person(given = c(\"Patrick\", \"O.\"), family = \"Perry\", role = c(\"aut\", \"cph\")), person(given = \"Kirill\", family = \"M\\u00fcller\", role = \"cre\", email = \"kirill@cynkra.com\", comment = c(ORCID = \"0000-0002-1416-3412\")), person(given = \"Unicode, Inc.\", role = c(\"cph\", \"dtc\"), comment = \"Unicode Character Database\"))",
      "Description": "Process and print 'UTF-8' encoded international text (Unicode). Input, validate, normalize, encode, format, and display.",
      "License": "Apache License (== 2.0) | file LICENSE",
      "URL": "https://krlmlr.github.io/utf8/, https://github.com/krlmlr/utf8",
      "BugReports": "https://github.com/krlmlr/utf8/issues",
      "Depends": [
        "R (>= 2.10)"
      ],
      "Suggests": [
        "cli",
        "covr",
        "knitr",
        "rlang",
        "rmarkdown",
        "testthat (>= 3.0.0)",
        "withr"
      ],
      "VignetteBuilder": "knitr, rmarkdown",
      "Config/testthat/edition": "3",
      "Encoding": "UTF-8",
      "RoxygenNote": "7.3.2.9000",
      "NeedsCompilation": "yes",
      "Author": "Patrick O. Perry [aut, cph], Kirill Müller [cre] (ORCID: <https://orcid.org/0000-0002-1416-3412>), Unicode, Inc. [cph, dtc] (Unicode Character Database)",
      "Maintainer": "Kirill Müller <kirill@cynkra.com>",
      "Repository": "CRAN"
    },
    "vctrs": {
      "Package": "vctrs",
      "Version": "0.6.5",
      "Source": "Repository",
      "Title": "Vector Helpers",
      "Authors@R": "c( person(\"Hadley\", \"Wickham\", , \"hadley@posit.co\", role = \"aut\"), person(\"Lionel\", \"Henry\", , \"lionel@posit.co\", role = \"aut\"), person(\"Davis\", \"Vaughan\", , \"davis@posit.co\", role = c(\"aut\", \"cre\")), person(\"data.table team\", role = \"cph\", comment = \"Radix sort based on data.table's forder() and their contribution to R's order()\"), person(\"Posit Software, PBC\", role = c(\"cph\", \"fnd\")) )",
      "Description": "Defines new notions of prototype and size that are used to provide tools for consistent and well-founded type-coercion and size-recycling, and are in turn connected to ideas of type- and size-stability useful for analysing function interfaces.",
      "License": "MIT + file LICENSE",
      "URL": "https://vctrs.r-lib.org/, https://github.com/r-lib/vctrs",
      "BugReports": "https://github.com/r-lib/vctrs/issues",
      "Depends": [
        "R (>= 3.5.0)"
      ],
      "Imports": [
        "cli (>= 3.4.0)",
        "glue",
        "lifecycle (>= 1.0.3)",
        "rlang (>= 1.1.0)"
      ],
      "Suggests": [
        "bit64",
        "covr",
        "crayon",
        "dplyr (>= 0.8.5)",
        "generics",
        "knitr",
        "pillar (>= 1.4.4)",
        "pkgdown (>= 2.0.1)",
        "rmarkdown",
        "testthat (>= 3.0.0)",
        "tibble (>= 3.1.3)",
        "waldo (>= 0.2.0)",
        "withr",
        "xml2",
        "zeallot"
      ],
      "VignetteBuilder": "knitr",
      "Config/Needs/website": "tidyverse/tidytemplate",
      "Config/testthat/edition": "3",
      "Encoding": "UTF-8",
      "Language": "en-GB",
      "RoxygenNote": "7.2.3",
      "NeedsCompilation": "yes",
      "Author": "Hadley Wickham [aut], Lionel Henry [aut], Davis Vaughan [aut, cre], data.table team [cph] (Radix sort based on data.table's forder() and their contribution to R's order()), Posit Software, PBC [cph, fnd]",
      "Maintainer": "Davis Vaughan <davis@posit.co>",
      "Repository": "CRAN"
    },
    "withr": {
      "Package": "withr",
      "Version": "3.0.2",
      "Source": "Repository",
      "Title": "Run Code 'With' Temporarily Modified Global State",
      "Authors@R": "c( person(\"Jim\", \"Hester\", role = \"aut\"), person(\"Lionel\", \"Henry\", , \"lionel@posit.co\", role = c(\"aut\", \"cre\")), person(\"Kirill\", \"Müller\", , \"krlmlr+r@mailbox.org\", role = \"aut\"), person(\"Kevin\", \"Ushey\", , \"kevinushey@gmail.com\", role = \"aut\"), person(\"Hadley\", \"Wickham\", , \"hadley@posit.co\", role = \"aut\"), person(\"Winston\", \"Chang\", role = \"aut\"), person(\"Jennifer\", \"Bryan\", role = \"ctb\"), person(\"Richard\", \"Cotton\", role = \"ctb\"), person(\"Posit Software, PBC\", role = c(\"cph\", \"fnd\")) )",
      "Description": "A set of functions to run code 'with' safely and temporarily modified global state. Many of these functions were originally a part of the 'devtools' package, this provides a simple package with limited dependencies to provide access to these functions.",
      "License": "MIT + file LICENSE",
      "URL": "https://withr.r-lib.org, https://github.com/r-lib/withr#readme",
      "BugReports": "https://github.com/r-lib/withr/issues",
      "Depends": [
        "R (>= 3.6.0)"
      ],
      "Imports": [
        "graphics",
        "grDevices"
      ],
      "Suggests": [
        "callr",
        "DBI",
        "knitr",
        "methods",
        "rlang",
        "rmarkdown (>= 2.12)",
        "RSQLite",
        "testthat (>= 3.0.0)"
      ],
      "VignetteBuilder": "knitr",
      "Config/Needs/website": "tidyverse/tidytemplate",
      "Config/testthat/edition": "3",
      "Encoding": "UTF-8",
      "RoxygenNote": "7.3.2",
      "Collate": "'aaa.R' 'collate.R' 'connection.R' 'db.R' 'defer-exit.R' 'standalone-defer.R' 'defer.R' 'devices.R' 'local_.R' 'with_.R' 'dir.R' 'env.R' 'file.R' 'language.R' 'libpaths.R' 'locale.R' 'makevars.R' 'namespace.R' 'options.R' 'par.R' 'path.R' 'rng.R' 'seed.R' 'wrap.R' 'sink.R' 'tempfile.R' 'timezone.R' 'torture.R' 'utils.R' 'with.R'",
      "NeedsCompilation": "no",
      "Author": "Jim Hester [aut], Lionel Henry [aut, cre], Kirill Müller [aut], Kevin Ushey [aut], Hadley Wickham [aut], Winston Chang [aut], Jennifer Bryan [ctb], Richard Cotton [ctb], Posit Software, PBC [cph, fnd]",
      "Maintainer": "Lionel Henry <lionel@posit.co>",
      "Repository": "CRAN"
    },
    "yardstick": {
      "Package": "yardstick",
      "Version": "1.3.2",
      "Source": "Repository",
      "Type": "Package",
      "Title": "Tidy Characterizations of Model Performance",
      "Authors@R": "c( person(\"Max\", \"Kuhn\", , \"max@posit.co\", role = \"aut\"), person(\"Davis\", \"Vaughan\", , \"davis@posit.co\", role = \"aut\"), person(\"Emil\", \"Hvitfeldt\", , \"emil.hvitfeldt@posit.co\", role = c(\"aut\", \"cre\"), comment = c(ORCID = \"0000-0002-0679-1945\")), person(\"Posit Software, PBC\", role = c(\"cph\", \"fnd\")) )",
      "Description": "Tidy tools for quantifying how well model fits to a data set such as confusion matrices, class probability curve summaries, and regression metrics (e.g., RMSE).",
      "License": "MIT + file LICENSE",
      "URL": "https://github.com/tidymodels/yardstick, https://yardstick.tidymodels.org",
      "BugReports": "https://github.com/tidymodels/yardstick/issues",
      "Depends": [
        "R (>= 3.6.0)"
      ],
      "Imports": [
        "cli",
        "dplyr (>= 1.1.0)",
        "generics (>= 0.1.2)",
        "hardhat (>= 1.3.0)",
        "lifecycle (>= 1.0.3)",
        "rlang (>= 1.1.4)",
        "tibble",
        "tidyselect (>= 1.2.0)",
        "utils",
        "vctrs (>= 0.5.0)",
        "withr"
      ],
      "Suggests": [
        "covr",
        "crayon",
        "ggplot2",
        "knitr",
        "probably (>= 1.0.0)",
        "rmarkdown",
        "survival (>= 3.5-0)",
        "testthat (>= 3.0.0)",
        "tidyr"
      ],
      "VignetteBuilder": "knitr",
      "Config/Needs/website": "tidyverse/tidytemplate",
      "Config/testthat/edition": "3",
      "Config/usethis/last-upkeep": "2024-10-24",
      "Encoding": "UTF-8",
      "LazyData": "true",
      "RoxygenNote": "7.3.2",
      "Collate": "'aaa-metrics.R' 'import-standalone-types-check.R' 'aaa-new.R' 'aaa.R' 'check-metric.R' 'class-accuracy.R' 'class-bal_accuracy.R' 'class-detection_prevalence.R' 'class-f_meas.R' 'class-j_index.R' 'class-kap.R' 'class-mcc.R' 'class-npv.R' 'class-ppv.R' 'class-precision.R' 'class-recall.R' 'class-sens.R' 'class-spec.R' 'conf_mat.R' 'data.R' 'deprecated-prob_helpers.R' 'deprecated-template.R' 'estimator-helpers.R' 'event-level.R' 'fair-aaa.R' 'fair-demographic_parity.R' 'fair-equal_opportunity.R' 'fair-equalized_odds.R' 'import-standalone-obj-type.R' 'import-standalone-survival.R' 'metric-tweak.R' 'misc.R' 'missings.R' 'num-ccc.R' 'num-huber_loss.R' 'num-iic.R' 'num-mae.R' 'num-mape.R' 'num-mase.R' 'num-mpe.R' 'num-msd.R' 'num-poisson_log_loss.R' 'num-pseudo_huber_loss.R' 'num-rmse.R' 'num-rpd.R' 'num-rpiq.R' 'num-rsq.R' 'num-rsq_trad.R' 'num-smape.R' 'prob-average_precision.R' 'prob-binary-thresholds.R' 'prob-brier_class.R' 'prob-classification_cost.R' 'prob-gain_capture.R' 'prob-gain_curve.R' 'prob-helpers.R' 'prob-lift_curve.R' 'prob-mn_log_loss.R' 'prob-pr_auc.R' 'prob-pr_curve.R' 'prob-roc_auc.R' 'prob-roc_aunp.R' 'prob-roc_aunu.R' 'prob-roc_curve.R' 'reexports.R' 'surv-brier_survival.R' 'surv-brier_survival_integrated.R' 'surv-concordance_survival.R' 'surv-roc_auc_survival.R' 'surv-roc_curve_survival.R' 'template.R' 'validation.R' 'yardstick-package.R'",
      "NeedsCompilation": "yes",
      "Author": "Max Kuhn [aut], Davis Vaughan [aut], Emil Hvitfeldt [aut, cre] (<https://orcid.org/0000-0002-0679-1945>), Posit Software, PBC [cph, fnd]",
      "Maintainer": "Emil Hvitfeldt <emil.hvitfeldt@posit.co>",
      "Repository": "CRAN"
    }
  }
}
